
Microsoft Visual Studio Solution File, Format Version 12.00
# Visual Studio Version 17
VisualStudioVersion = 17.0.31903.59
MinimumVisualStudioVersion = 10.0.40219.1
Project("{2150E333-8FDC-42A3-9474-1A3956D46DE8}") = "Behavioral", "Behavioral", "{26DBFC19-437C-4F90-1A5A-542F2D728CEE}"
EndProject
Project("{2150E333-8FDC-42A3-9474-1A3956D46DE8}") = "ChainOfResponsibility", "ChainOfResponsibility", "{7CDD1FD8-23F1-9D06-EC0A-9BC25C8E6A7B}"
EndProject
Project("{FAE04EC0-301F-11D3-BF4B-00C04F79EFBC}") = "Behavioral.ChainOfResponsibility", "Behavioral\ChainOfResponsibility\Behavioral.ChainOfResponsibility.csproj", "{12C7BB97-030E-4A87-B3BF-87944F7A6700}"
EndProject
Project("{2150E333-8FDC-42A3-9474-1A3956D46DE8}") = "Command", "Command", "{97D8945E-59FA-0188-FC69-6B16FBD6DC40}"
EndProject
Project("{FAE04EC0-301F-11D3-BF4B-00C04F79EFBC}") = "Behavioral.Command", "Behavioral\Command\Behavioral.Command.csproj", "{878CA5ED-7814-4C94-B2BE-5C6422044E4D}"
EndProject
Project("{2150E333-8FDC-42A3-9474-1A3956D46DE8}") = "Mediator", "Mediator", "{FE3992F4-CC36-C0D1-5274-12530496DB1F}"
EndProject
Project("{FAE04EC0-301F-11D3-BF4B-00C04F79EFBC}") = "Behavioral.Mediator", "Behavioral\Mediator\Behavioral.Mediator.csproj", "{FBAD664A-6AFA-4B10-9000-AAC631484493}"
EndProject
Project("{2150E333-8FDC-42A3-9474-1A3956D46DE8}") = "Observer", "Observer", "{F53EE8E5-FCB2-274F-0460-A463C4E6B05E}"
EndProject
Project("{FAE04EC0-301F-11D3-BF4B-00C04F79EFBC}") = "Behavioral.Observer", "Behavioral\Observer\Behavioral.Observer.csproj", "{B62F608E-EC0F-438F-81C3-134187E4A135}"
EndProject
Project("{2150E333-8FDC-42A3-9474-1A3956D46DE8}") = "Strategy", "Strategy", "{5ACE1E23-56CB-85AE-16B9-554EA5BF7433}"
EndProject
Project("{FAE04EC0-301F-11D3-BF4B-00C04F79EFBC}") = "Behavioral.Strategy", "Behavioral\Strategy\Behavioral.Strategy.csproj", "{ABEF9E6F-3A8C-4732-859D-F29147B8CE40}"
EndProject
Project("{2150E333-8FDC-42A3-9474-1A3956D46DE8}") = "Creational", "Creational", "{56A9F078-40C9-3DDD-7DA3-B5A4BF238A7F}"
EndProject
Project("{2150E333-8FDC-42A3-9474-1A3956D46DE8}") = "AbstractFactory", "AbstractFactory", "{596AD531-0331-6D51-F1EA-EE7225ABB4F2}"
EndProject
Project("{FAE04EC0-301F-11D3-BF4B-00C04F79EFBC}") = "Creational.AbstractFactory", "Creational\AbstractFactory\Creational.AbstractFactory.csproj", "{75C4FD2B-0D48-4695-9361-B61319982FD0}"
EndProject
Project("{2150E333-8FDC-42A3-9474-1A3956D46DE8}") = "Builder", "Builder", "{461242BF-A5DA-9E66-FB2B-44259C4D2634}"
EndProject
Project("{FAE04EC0-301F-11D3-BF4B-00C04F79EFBC}") = "Creational.Builder", "Creational\Builder\Creational.Builder.csproj", "{221E4F5E-4654-459D-BA7A-B10A7927FD48}"
EndProject
Project("{2150E333-8FDC-42A3-9474-1A3956D46DE8}") = "Factory", "Factory", "{90DFF9D6-6064-F8FE-940D-2B723E32BEE9}"
EndProject
Project("{FAE04EC0-301F-11D3-BF4B-00C04F79EFBC}") = "Creational.Factory", "Creational\Factory\Creational.Factory.csproj", "{1880C5A4-A277-4931-B930-B230BEE0A319}"
EndProject
Project("{2150E333-8FDC-42A3-9474-1A3956D46DE8}") = "Singleton", "Singleton", "{E9F6E946-CAB0-4393-83A6-2CC00E601546}"
EndProject
Project("{FAE04EC0-301F-11D3-BF4B-00C04F79EFBC}") = "Creational.Singleton", "Creational\Singleton\Creational.Singleton.csproj", "{4E787229-C395-4BDA-95EF-E7B318FC6099}"
EndProject
Project("{2150E333-8FDC-42A3-9474-1A3956D46DE8}") = "Structural", "Structural", "{AAFBD153-24CA-142F-8D87-E9EA6ABB24FE}"
EndProject
Project("{2150E333-8FDC-42A3-9474-1A3956D46DE8}") = "Adapter", "Adapter", "{54F7DA6F-EA37-D2F8-7D31-0E22057C65BE}"
EndProject
Project("{FAE04EC0-301F-11D3-BF4B-00C04F79EFBC}") = "Structural.Adapter", "Structural\Adapter\Structural.Adapter.csproj", "{45DA3A5A-62E7-42AA-843E-CA02FE6C47F3}"
EndProject
Project("{2150E333-8FDC-42A3-9474-1A3956D46DE8}") = "Decorator", "Decorator", "{234D4270-9C81-DE9C-F77D-6160D21C44F7}"
EndProject
Project("{FAE04EC0-301F-11D3-BF4B-00C04F79EFBC}") = "Structural.Decorator", "Structural\Decorator\Structural.Decorator.csproj", "{52E0D120-BC71-4900-B072-83E9ADC13545}"
EndProject
Project("{2150E333-8FDC-42A3-9474-1A3956D46DE8}") = "Facade", "Facade", "{8BFCA0EC-EE64-40DD-E87D-5C4BD1B6D5A5}"
EndProject
Project("{FAE04EC0-301F-11D3-BF4B-00C04F79EFBC}") = "Structural.Facade", "Structural\Facade\Structural.Facade.csproj", "{124ECA54-F144-4E8E-B050-BF0CD0E16D48}"
EndProject
Project("{2150E333-8FDC-42A3-9474-1A3956D46DE8}") = "Proxy", "Proxy", "{01D9B97D-CE9F-266B-AAEE-09EC9CE4E5EF}"
EndProject
Project("{FAE04EC0-301F-11D3-BF4B-00C04F79EFBC}") = "Structural.Proxy", "Structural\Proxy\Structural.Proxy.csproj", "{E06BDBF0-DF56-4D7D-9C19-13579267D08B}"
EndProject
Project("{2150E333-8FDC-42A3-9474-1A3956D46DE8}") = "SOLID", "SOLID", "{4AA6742E-A330-F0B4-D3B3-011E2B07EA2A}"
EndProject
Project("{2150E333-8FDC-42A3-9474-1A3956D46DE8}") = "DependencyInversion", "DependencyInversion", "{799A901C-9ECE-8C03-A72F-5A5577316D58}"
EndProject
Project("{FAE04EC0-301F-11D3-BF4B-00C04F79EFBC}") = "SOLID.DependencyInversion", "SOLID\DependencyInversion\SOLID.DependencyInversion.csproj", "{AE6F768F-0F3F-44E8-9089-91EFA3897866}"
EndProject
Project("{2150E333-8FDC-42A3-9474-1A3956D46DE8}") = "InterfaceSegregation", "InterfaceSegregation", "{0F9895A7-AC2C-1591-2367-469FAF16DEBC}"
EndProject
Project("{FAE04EC0-301F-11D3-BF4B-00C04F79EFBC}") = "SOLID.InterfaceSegregation", "SOLID\InterfaceSegregation\SOLID.InterfaceSegregation.csproj", "{FC6A1894-013C-46CF-B55C-9BCD1E8179CF}"
EndProject
Project("{2150E333-8FDC-42A3-9474-1A3956D46DE8}") = "LiskovSubstitution", "LiskovSubstitution", "{C0E0F0B8-281B-85BD-5D05-D5909DB28234}"
EndProject
Project("{FAE04EC0-301F-11D3-BF4B-00C04F79EFBC}") = "SOLID.LiskovSubstitution", "SOLID\LiskovSubstitution\SOLID.LiskovSubstitution.csproj", "{80D109E5-00F4-4EFC-9D3E-6C7945532BDB}"
EndProject
Project("{2150E333-8FDC-42A3-9474-1A3956D46DE8}") = "OpenClosed", "OpenClosed", "{5738CA36-B225-0DA7-EAB5-CD35A038CFE5}"
EndProject
Project("{FAE04EC0-301F-11D3-BF4B-00C04F79EFBC}") = "SOLID.OpenClosed", "SOLID\OpenClosed\SOLID.OpenClosed.csproj", "{AAF20AC9-7176-4B59-BCBB-9996C9825F25}"
EndProject
Project("{2150E333-8FDC-42A3-9474-1A3956D46DE8}") = "SingleResponsibility", "SingleResponsibility", "{43E3AA64-490E-99A8-8E54-32E3A3A48921}"
EndProject
Project("{FAE04EC0-301F-11D3-BF4B-00C04F79EFBC}") = "SOLID.SingleResponsibility", "SOLID\SingleResponsibility\SOLID.SingleResponsibility.csproj", "{A26F528E-D98E-43A9-8E51-D33C1D3880B3}"
EndProject
Project("{2150E333-8FDC-42A3-9474-1A3956D46DE8}") = "Prototype", "Prototype", "{6CB770A1-D217-CF4C-3F8E-F9C495E5E553}"
EndProject
Project("{FAE04EC0-301F-11D3-BF4B-00C04F79EFBC}") = "Creational.Prototype", "Creational\Prototype\Creational.Prototype.csproj", "{36A925F1-62E9-4557-B6EE-FAB4387A970E}"
EndProject
Project("{2150E333-8FDC-42A3-9474-1A3956D46DE8}") = "Bridge", "Bridge", "{AF8AD1C8-D108-BEC5-AEE0-BB2E6F166275}"
EndProject
Project("{FAE04EC0-301F-11D3-BF4B-00C04F79EFBC}") = "Structural.Bridge", "Structural\Bridge\Structural.Bridge.csproj", "{A15C87BF-4BD1-4FD9-A406-677A2953E052}"
EndProject
Project("{2150E333-8FDC-42A3-9474-1A3956D46DE8}") = "Composite", "Composite", "{61FBA38E-274A-9C75-44F1-1A16D7FA1A43}"
EndProject
Project("{FAE04EC0-301F-11D3-BF4B-00C04F79EFBC}") = "Structural.Composite", "Structural\Composite\Structural.Composite.csproj", "{9B9512A9-DAE3-47EF-ABF8-DC823EF213ED}"
EndProject
Project("{2150E333-8FDC-42A3-9474-1A3956D46DE8}") = "Flyweight", "Flyweight", "{8607E845-AA7C-7B9B-C266-8246AA3621E1}"
EndProject
Project("{FAE04EC0-301F-11D3-BF4B-00C04F79EFBC}") = "Structural.Flyweight", "Structural\Flyweight\Structural.Flyweight.csproj", "{98AB2E46-19B8-4D2A-8283-903680A48453}"
EndProject
Project("{2150E333-8FDC-42A3-9474-1A3956D46DE8}") = "Interpreter", "Interpreter", "{E78E5966-CECB-A9A7-67DC-CE51413F2AE3}"
EndProject
Project("{FAE04EC0-301F-11D3-BF4B-00C04F79EFBC}") = "Behavioral.Interpreter", "Behavioral\Interpreter\Behavioral.Interpreter.csproj", "{77049A1B-6586-460B-85D0-1E5AD6FEE9A3}"
EndProject
Project("{2150E333-8FDC-42A3-9474-1A3956D46DE8}") = "Iterator", "Iterator", "{153B590F-F5DC-B45C-3D4A-2B1FA8A0AE67}"
EndProject
Project("{FAE04EC0-301F-11D3-BF4B-00C04F79EFBC}") = "Behavioral.Iterator", "Behavioral\Iterator\Behavioral.Iterator.csproj", "{50292877-E6F9-4403-946A-29CBBD54D48D}"
EndProject
Project("{2150E333-8FDC-42A3-9474-1A3956D46DE8}") = "Memento", "Memento", "{3EE80B10-1859-2554-168E-C769536AECC8}"
EndProject
Project("{FAE04EC0-301F-11D3-BF4B-00C04F79EFBC}") = "Behavioral.Memento", "Behavioral\Memento\Behavioral.Memento.csproj", "{5B7C8720-5122-4059-90CC-39C327E44917}"
EndProject
Project("{2150E333-8FDC-42A3-9474-1A3956D46DE8}") = "NullObject", "NullObject", "{C25D38C1-34DF-4383-4831-FC04CF7F409E}"
EndProject
Project("{FAE04EC0-301F-11D3-BF4B-00C04F79EFBC}") = "Behavioral.NullObject", "Behavioral\NullObject\Behavioral.NullObject.csproj", "{5E7C3F70-93A5-4C2B-9B32-B43AA590C8CF}"
EndProject
Project("{2150E333-8FDC-42A3-9474-1A3956D46DE8}") = "State", "State", "{9D937873-6CE6-7BC9-A64B-A1419C8415E6}"
EndProject
Project("{FAE04EC0-301F-11D3-BF4B-00C04F79EFBC}") = "Behavioral.State", "Behavioral\State\Behavioral.State.csproj", "{DE4067DD-DD69-4ECE-BFBD-2E28B311F197}"
EndProject
Project("{2150E333-8FDC-42A3-9474-1A3956D46DE8}") = "TemplateMethod", "TemplateMethod", "{DFDAB432-7130-2039-E45F-EAB82F5C4631}"
EndProject
Project("{FAE04EC0-301F-11D3-BF4B-00C04F79EFBC}") = "Behavioral.TemplateMethod", "Behavioral\TemplateMethod\Behavioral.TemplateMethod.csproj", "{2053E64C-1F9A-4BA5-8704-1AAB93864953}"
EndProject
Project("{2150E333-8FDC-42A3-9474-1A3956D46DE8}") = "Visitor", "Visitor", "{EFA31FE0-B10F-AE96-072C-D25F8173B2F5}"
EndProject
Project("{FAE04EC0-301F-11D3-BF4B-00C04F79EFBC}") = "Behavioral.Visitor", "Behavioral\Visitor\Behavioral.Visitor.csproj", "{71245EE7-8F90-4F52-8720-99380D3F8D36}"
EndProject
Global
	GlobalSection(SolutionConfigurationPlatforms) = preSolution
		Debug|Any CPU = Debug|Any CPU
		Debug|x64 = Debug|x64
		Debug|x86 = Debug|x86
		Release|Any CPU = Release|Any CPU
		Release|x64 = Release|x64
		Release|x86 = Release|x86
	EndGlobalSection
	GlobalSection(ProjectConfigurationPlatforms) = postSolution
		{12C7BB97-030E-4A87-B3BF-87944F7A6700}.Debug|Any CPU.ActiveCfg = Debug|Any CPU
		{12C7BB97-030E-4A87-B3BF-87944F7A6700}.Debug|Any CPU.Build.0 = Debug|Any CPU
		{12C7BB97-030E-4A87-B3BF-87944F7A6700}.Debug|x64.ActiveCfg = Debug|Any CPU
		{12C7BB97-030E-4A87-B3BF-87944F7A6700}.Debug|x64.Build.0 = Debug|Any CPU
		{12C7BB97-030E-4A87-B3BF-87944F7A6700}.Debug|x86.ActiveCfg = Debug|Any CPU
		{12C7BB97-030E-4A87-B3BF-87944F7A6700}.Debug|x86.Build.0 = Debug|Any CPU
		{12C7BB97-030E-4A87-B3BF-87944F7A6700}.Release|Any CPU.ActiveCfg = Release|Any CPU
		{12C7BB97-030E-4A87-B3BF-87944F7A6700}.Release|Any CPU.Build.0 = Release|Any CPU
		{12C7BB97-030E-4A87-B3BF-87944F7A6700}.Release|x64.ActiveCfg = Release|Any CPU
		{12C7BB97-030E-4A87-B3BF-87944F7A6700}.Release|x64.Build.0 = Release|Any CPU
		{12C7BB97-030E-4A87-B3BF-87944F7A6700}.Release|x86.ActiveCfg = Release|Any CPU
		{12C7BB97-030E-4A87-B3BF-87944F7A6700}.Release|x86.Build.0 = Release|Any CPU
		{878CA5ED-7814-4C94-B2BE-5C6422044E4D}.Debug|Any CPU.ActiveCfg = Debug|Any CPU
		{878CA5ED-7814-4C94-B2BE-5C6422044E4D}.Debug|Any CPU.Build.0 = Debug|Any CPU
		{878CA5ED-7814-4C94-B2BE-5C6422044E4D}.Debug|x64.ActiveCfg = Debug|Any CPU
		{878CA5ED-7814-4C94-B2BE-5C6422044E4D}.Debug|x64.Build.0 = Debug|Any CPU
		{878CA5ED-7814-4C94-B2BE-5C6422044E4D}.Debug|x86.ActiveCfg = Debug|Any CPU
		{878CA5ED-7814-4C94-B2BE-5C6422044E4D}.Debug|x86.Build.0 = Debug|Any CPU
		{878CA5ED-7814-4C94-B2BE-5C6422044E4D}.Release|Any CPU.ActiveCfg = Release|Any CPU
		{878CA5ED-7814-4C94-B2BE-5C6422044E4D}.Release|Any CPU.Build.0 = Release|Any CPU
		{878CA5ED-7814-4C94-B2BE-5C6422044E4D}.Release|x64.ActiveCfg = Release|Any CPU
		{878CA5ED-7814-4C94-B2BE-5C6422044E4D}.Release|x64.Build.0 = Release|Any CPU
		{878CA5ED-7814-4C94-B2BE-5C6422044E4D}.Release|x86.ActiveCfg = Release|Any CPU
		{878CA5ED-7814-4C94-B2BE-5C6422044E4D}.Release|x86.Build.0 = Release|Any CPU
		{FBAD664A-6AFA-4B10-9000-AAC631484493}.Debug|Any CPU.ActiveCfg = Debug|Any CPU
		{FBAD664A-6AFA-4B10-9000-AAC631484493}.Debug|Any CPU.Build.0 = Debug|Any CPU
		{FBAD664A-6AFA-4B10-9000-AAC631484493}.Debug|x64.ActiveCfg = Debug|Any CPU
		{FBAD664A-6AFA-4B10-9000-AAC631484493}.Debug|x64.Build.0 = Debug|Any CPU
		{FBAD664A-6AFA-4B10-9000-AAC631484493}.Debug|x86.ActiveCfg = Debug|Any CPU
		{FBAD664A-6AFA-4B10-9000-AAC631484493}.Debug|x86.Build.0 = Debug|Any CPU
		{FBAD664A-6AFA-4B10-9000-AAC631484493}.Release|Any CPU.ActiveCfg = Release|Any CPU
		{FBAD664A-6AFA-4B10-9000-AAC631484493}.Release|Any CPU.Build.0 = Release|Any CPU
		{FBAD664A-6AFA-4B10-9000-AAC631484493}.Release|x64.ActiveCfg = Release|Any CPU
		{FBAD664A-6AFA-4B10-9000-AAC631484493}.Release|x64.Build.0 = Release|Any CPU
		{FBAD664A-6AFA-4B10-9000-AAC631484493}.Release|x86.ActiveCfg = Release|Any CPU
		{FBAD664A-6AFA-4B10-9000-AAC631484493}.Release|x86.Build.0 = Release|Any CPU
		{B62F608E-EC0F-438F-81C3-134187E4A135}.Debug|Any CPU.ActiveCfg = Debug|Any CPU
		{B62F608E-EC0F-438F-81C3-134187E4A135}.Debug|Any CPU.Build.0 = Debug|Any CPU
		{B62F608E-EC0F-438F-81C3-134187E4A135}.Debug|x64.ActiveCfg = Debug|Any CPU
		{B62F608E-EC0F-438F-81C3-134187E4A135}.Debug|x64.Build.0 = Debug|Any CPU
		{B62F608E-EC0F-438F-81C3-134187E4A135}.Debug|x86.ActiveCfg = Debug|Any CPU
		{B62F608E-EC0F-438F-81C3-134187E4A135}.Debug|x86.Build.0 = Debug|Any CPU
		{B62F608E-EC0F-438F-81C3-134187E4A135}.Release|Any CPU.ActiveCfg = Release|Any CPU
		{B62F608E-EC0F-438F-81C3-134187E4A135}.Release|Any CPU.Build.0 = Release|Any CPU
		{B62F608E-EC0F-438F-81C3-134187E4A135}.Release|x64.ActiveCfg = Release|Any CPU
		{B62F608E-EC0F-438F-81C3-134187E4A135}.Release|x64.Build.0 = Release|Any CPU
		{B62F608E-EC0F-438F-81C3-134187E4A135}.Release|x86.ActiveCfg = Release|Any CPU
		{B62F608E-EC0F-438F-81C3-134187E4A135}.Release|x86.Build.0 = Release|Any CPU
		{ABEF9E6F-3A8C-4732-859D-F29147B8CE40}.Debug|Any CPU.ActiveCfg = Debug|Any CPU
		{ABEF9E6F-3A8C-4732-859D-F29147B8CE40}.Debug|Any CPU.Build.0 = Debug|Any CPU
		{ABEF9E6F-3A8C-4732-859D-F29147B8CE40}.Debug|x64.ActiveCfg = Debug|Any CPU
		{ABEF9E6F-3A8C-4732-859D-F29147B8CE40}.Debug|x64.Build.0 = Debug|Any CPU
		{ABEF9E6F-3A8C-4732-859D-F29147B8CE40}.Debug|x86.ActiveCfg = Debug|Any CPU
		{ABEF9E6F-3A8C-4732-859D-F29147B8CE40}.Debug|x86.Build.0 = Debug|Any CPU
		{ABEF9E6F-3A8C-4732-859D-F29147B8CE40}.Release|Any CPU.ActiveCfg = Release|Any CPU
		{ABEF9E6F-3A8C-4732-859D-F29147B8CE40}.Release|Any CPU.Build.0 = Release|Any CPU
		{ABEF9E6F-3A8C-4732-859D-F29147B8CE40}.Release|x64.ActiveCfg = Release|Any CPU
		{ABEF9E6F-3A8C-4732-859D-F29147B8CE40}.Release|x64.Build.0 = Release|Any CPU
		{ABEF9E6F-3A8C-4732-859D-F29147B8CE40}.Release|x86.ActiveCfg = Release|Any CPU
		{ABEF9E6F-3A8C-4732-859D-F29147B8CE40}.Release|x86.Build.0 = Release|Any CPU
		{75C4FD2B-0D48-4695-9361-B61319982FD0}.Debug|Any CPU.ActiveCfg = Debug|Any CPU
		{75C4FD2B-0D48-4695-9361-B61319982FD0}.Debug|Any CPU.Build.0 = Debug|Any CPU
		{75C4FD2B-0D48-4695-9361-B61319982FD0}.Debug|x64.ActiveCfg = Debug|Any CPU
		{75C4FD2B-0D48-4695-9361-B61319982FD0}.Debug|x64.Build.0 = Debug|Any CPU
		{75C4FD2B-0D48-4695-9361-B61319982FD0}.Debug|x86.ActiveCfg = Debug|Any CPU
		{75C4FD2B-0D48-4695-9361-B61319982FD0}.Debug|x86.Build.0 = Debug|Any CPU
		{75C4FD2B-0D48-4695-9361-B61319982FD0}.Release|Any CPU.ActiveCfg = Release|Any CPU
		{75C4FD2B-0D48-4695-9361-B61319982FD0}.Release|Any CPU.Build.0 = Release|Any CPU
		{75C4FD2B-0D48-4695-9361-B61319982FD0}.Release|x64.ActiveCfg = Release|Any CPU
		{75C4FD2B-0D48-4695-9361-B61319982FD0}.Release|x64.Build.0 = Release|Any CPU
		{75C4FD2B-0D48-4695-9361-B61319982FD0}.Release|x86.ActiveCfg = Release|Any CPU
		{75C4FD2B-0D48-4695-9361-B61319982FD0}.Release|x86.Build.0 = Release|Any CPU
		{221E4F5E-4654-459D-BA7A-B10A7927FD48}.Debug|Any CPU.ActiveCfg = Debug|Any CPU
		{221E4F5E-4654-459D-BA7A-B10A7927FD48}.Debug|Any CPU.Build.0 = Debug|Any CPU
		{221E4F5E-4654-459D-BA7A-B10A7927FD48}.Debug|x64.ActiveCfg = Debug|Any CPU
		{221E4F5E-4654-459D-BA7A-B10A7927FD48}.Debug|x64.Build.0 = Debug|Any CPU
		{221E4F5E-4654-459D-BA7A-B10A7927FD48}.Debug|x86.ActiveCfg = Debug|Any CPU
		{221E4F5E-4654-459D-BA7A-B10A7927FD48}.Debug|x86.Build.0 = Debug|Any CPU
		{221E4F5E-4654-459D-BA7A-B10A7927FD48}.Release|Any CPU.ActiveCfg = Release|Any CPU
		{221E4F5E-4654-459D-BA7A-B10A7927FD48}.Release|Any CPU.Build.0 = Release|Any CPU
		{221E4F5E-4654-459D-BA7A-B10A7927FD48}.Release|x64.ActiveCfg = Release|Any CPU
		{221E4F5E-4654-459D-BA7A-B10A7927FD48}.Release|x64.Build.0 = Release|Any CPU
		{221E4F5E-4654-459D-BA7A-B10A7927FD48}.Release|x86.ActiveCfg = Release|Any CPU
		{221E4F5E-4654-459D-BA7A-B10A7927FD48}.Release|x86.Build.0 = Release|Any CPU
		{1880C5A4-A277-4931-B930-B230BEE0A319}.Debug|Any CPU.ActiveCfg = Debug|Any CPU
		{1880C5A4-A277-4931-B930-B230BEE0A319}.Debug|Any CPU.Build.0 = Debug|Any CPU
		{1880C5A4-A277-4931-B930-B230BEE0A319}.Debug|x64.ActiveCfg = Debug|Any CPU
		{1880C5A4-A277-4931-B930-B230BEE0A319}.Debug|x64.Build.0 = Debug|Any CPU
		{1880C5A4-A277-4931-B930-B230BEE0A319}.Debug|x86.ActiveCfg = Debug|Any CPU
		{1880C5A4-A277-4931-B930-B230BEE0A319}.Debug|x86.Build.0 = Debug|Any CPU
		{1880C5A4-A277-4931-B930-B230BEE0A319}.Release|Any CPU.ActiveCfg = Release|Any CPU
		{1880C5A4-A277-4931-B930-B230BEE0A319}.Release|Any CPU.Build.0 = Release|Any CPU
		{1880C5A4-A277-4931-B930-B230BEE0A319}.Release|x64.ActiveCfg = Release|Any CPU
		{1880C5A4-A277-4931-B930-B230BEE0A319}.Release|x64.Build.0 = Release|Any CPU
		{1880C5A4-A277-4931-B930-B230BEE0A319}.Release|x86.ActiveCfg = Release|Any CPU
		{1880C5A4-A277-4931-B930-B230BEE0A319}.Release|x86.Build.0 = Release|Any CPU
		{4E787229-C395-4BDA-95EF-E7B318FC6099}.Debug|Any CPU.ActiveCfg = Debug|Any CPU
		{4E787229-C395-4BDA-95EF-E7B318FC6099}.Debug|Any CPU.Build.0 = Debug|Any CPU
		{4E787229-C395-4BDA-95EF-E7B318FC6099}.Debug|x64.ActiveCfg = Debug|Any CPU
		{4E787229-C395-4BDA-95EF-E7B318FC6099}.Debug|x64.Build.0 = Debug|Any CPU
		{4E787229-C395-4BDA-95EF-E7B318FC6099}.Debug|x86.ActiveCfg = Debug|Any CPU
		{4E787229-C395-4BDA-95EF-E7B318FC6099}.Debug|x86.Build.0 = Debug|Any CPU
		{4E787229-C395-4BDA-95EF-E7B318FC6099}.Release|Any CPU.ActiveCfg = Release|Any CPU
		{4E787229-C395-4BDA-95EF-E7B318FC6099}.Release|Any CPU.Build.0 = Release|Any CPU
		{4E787229-C395-4BDA-95EF-E7B318FC6099}.Release|x64.ActiveCfg = Release|Any CPU
		{4E787229-C395-4BDA-95EF-E7B318FC6099}.Release|x64.Build.0 = Release|Any CPU
		{4E787229-C395-4BDA-95EF-E7B318FC6099}.Release|x86.ActiveCfg = Release|Any CPU
		{4E787229-C395-4BDA-95EF-E7B318FC6099}.Release|x86.Build.0 = Release|Any CPU
		{45DA3A5A-62E7-42AA-843E-CA02FE6C47F3}.Debug|Any CPU.ActiveCfg = Debug|Any CPU
		{45DA3A5A-62E7-42AA-843E-CA02FE6C47F3}.Debug|Any CPU.Build.0 = Debug|Any CPU
		{45DA3A5A-62E7-42AA-843E-CA02FE6C47F3}.Debug|x64.ActiveCfg = Debug|Any CPU
		{45DA3A5A-62E7-42AA-843E-CA02FE6C47F3}.Debug|x64.Build.0 = Debug|Any CPU
		{45DA3A5A-62E7-42AA-843E-CA02FE6C47F3}.Debug|x86.ActiveCfg = Debug|Any CPU
		{45DA3A5A-62E7-42AA-843E-CA02FE6C47F3}.Debug|x86.Build.0 = Debug|Any CPU
		{45DA3A5A-62E7-42AA-843E-CA02FE6C47F3}.Release|Any CPU.ActiveCfg = Release|Any CPU
		{45DA3A5A-62E7-42AA-843E-CA02FE6C47F3}.Release|Any CPU.Build.0 = Release|Any CPU
		{45DA3A5A-62E7-42AA-843E-CA02FE6C47F3}.Release|x64.ActiveCfg = Release|Any CPU
		{45DA3A5A-62E7-42AA-843E-CA02FE6C47F3}.Release|x64.Build.0 = Release|Any CPU
		{45DA3A5A-62E7-42AA-843E-CA02FE6C47F3}.Release|x86.ActiveCfg = Release|Any CPU
		{45DA3A5A-62E7-42AA-843E-CA02FE6C47F3}.Release|x86.Build.0 = Release|Any CPU
		{52E0D120-BC71-4900-B072-83E9ADC13545}.Debug|Any CPU.ActiveCfg = Debug|Any CPU
		{52E0D120-BC71-4900-B072-83E9ADC13545}.Debug|Any CPU.Build.0 = Debug|Any CPU
		{52E0D120-BC71-4900-B072-83E9ADC13545}.Debug|x64.ActiveCfg = Debug|Any CPU
		{52E0D120-BC71-4900-B072-83E9ADC13545}.Debug|x64.Build.0 = Debug|Any CPU
		{52E0D120-BC71-4900-B072-83E9ADC13545}.Debug|x86.ActiveCfg = Debug|Any CPU
		{52E0D120-BC71-4900-B072-83E9ADC13545}.Debug|x86.Build.0 = Debug|Any CPU
		{52E0D120-BC71-4900-B072-83E9ADC13545}.Release|Any CPU.ActiveCfg = Release|Any CPU
		{52E0D120-BC71-4900-B072-83E9ADC13545}.Release|Any CPU.Build.0 = Release|Any CPU
		{52E0D120-BC71-4900-B072-83E9ADC13545}.Release|x64.ActiveCfg = Release|Any CPU
		{52E0D120-BC71-4900-B072-83E9ADC13545}.Release|x64.Build.0 = Release|Any CPU
		{52E0D120-BC71-4900-B072-83E9ADC13545}.Release|x86.ActiveCfg = Release|Any CPU
		{52E0D120-BC71-4900-B072-83E9ADC13545}.Release|x86.Build.0 = Release|Any CPU
		{124ECA54-F144-4E8E-B050-BF0CD0E16D48}.Debug|Any CPU.ActiveCfg = Debug|Any CPU
		{124ECA54-F144-4E8E-B050-BF0CD0E16D48}.Debug|Any CPU.Build.0 = Debug|Any CPU
		{124ECA54-F144-4E8E-B050-BF0CD0E16D48}.Debug|x64.ActiveCfg = Debug|Any CPU
		{124ECA54-F144-4E8E-B050-BF0CD0E16D48}.Debug|x64.Build.0 = Debug|Any CPU
		{124ECA54-F144-4E8E-B050-BF0CD0E16D48}.Debug|x86.ActiveCfg = Debug|Any CPU
		{124ECA54-F144-4E8E-B050-BF0CD0E16D48}.Debug|x86.Build.0 = Debug|Any CPU
		{124ECA54-F144-4E8E-B050-BF0CD0E16D48}.Release|Any CPU.ActiveCfg = Release|Any CPU
		{124ECA54-F144-4E8E-B050-BF0CD0E16D48}.Release|Any CPU.Build.0 = Release|Any CPU
		{124ECA54-F144-4E8E-B050-BF0CD0E16D48}.Release|x64.ActiveCfg = Release|Any CPU
		{124ECA54-F144-4E8E-B050-BF0CD0E16D48}.Release|x64.Build.0 = Release|Any CPU
		{124ECA54-F144-4E8E-B050-BF0CD0E16D48}.Release|x86.ActiveCfg = Release|Any CPU
		{124ECA54-F144-4E8E-B050-BF0CD0E16D48}.Release|x86.Build.0 = Release|Any CPU
		{E06BDBF0-DF56-4D7D-9C19-13579267D08B}.Debug|Any CPU.ActiveCfg = Debug|Any CPU
		{E06BDBF0-DF56-4D7D-9C19-13579267D08B}.Debug|Any CPU.Build.0 = Debug|Any CPU
		{E06BDBF0-DF56-4D7D-9C19-13579267D08B}.Debug|x64.ActiveCfg = Debug|Any CPU
		{E06BDBF0-DF56-4D7D-9C19-13579267D08B}.Debug|x64.Build.0 = Debug|Any CPU
		{E06BDBF0-DF56-4D7D-9C19-13579267D08B}.Debug|x86.ActiveCfg = Debug|Any CPU
		{E06BDBF0-DF56-4D7D-9C19-13579267D08B}.Debug|x86.Build.0 = Debug|Any CPU
		{E06BDBF0-DF56-4D7D-9C19-13579267D08B}.Release|Any CPU.ActiveCfg = Release|Any CPU
		{E06BDBF0-DF56-4D7D-9C19-13579267D08B}.Release|Any CPU.Build.0 = Release|Any CPU
		{E06BDBF0-DF56-4D7D-9C19-13579267D08B}.Release|x64.ActiveCfg = Release|Any CPU
		{E06BDBF0-DF56-4D7D-9C19-13579267D08B}.Release|x64.Build.0 = Release|Any CPU
		{E06BDBF0-DF56-4D7D-9C19-13579267D08B}.Release|x86.ActiveCfg = Release|Any CPU
		{E06BDBF0-DF56-4D7D-9C19-13579267D08B}.Release|x86.Build.0 = Release|Any CPU
		{AE6F768F-0F3F-44E8-9089-91EFA3897866}.Debug|Any CPU.ActiveCfg = Debug|Any CPU
		{AE6F768F-0F3F-44E8-9089-91EFA3897866}.Debug|Any CPU.Build.0 = Debug|Any CPU
		{AE6F768F-0F3F-44E8-9089-91EFA3897866}.Debug|x64.ActiveCfg = Debug|Any CPU
		{AE6F768F-0F3F-44E8-9089-91EFA3897866}.Debug|x64.Build.0 = Debug|Any CPU
		{AE6F768F-0F3F-44E8-9089-91EFA3897866}.Debug|x86.ActiveCfg = Debug|Any CPU
		{AE6F768F-0F3F-44E8-9089-91EFA3897866}.Debug|x86.Build.0 = Debug|Any CPU
		{AE6F768F-0F3F-44E8-9089-91EFA3897866}.Release|Any CPU.ActiveCfg = Release|Any CPU
		{AE6F768F-0F3F-44E8-9089-91EFA3897866}.Release|Any CPU.Build.0 = Release|Any CPU
		{AE6F768F-0F3F-44E8-9089-91EFA3897866}.Release|x64.ActiveCfg = Release|Any CPU
		{AE6F768F-0F3F-44E8-9089-91EFA3897866}.Release|x64.Build.0 = Release|Any CPU
		{AE6F768F-0F3F-44E8-9089-91EFA3897866}.Release|x86.ActiveCfg = Release|Any CPU
		{AE6F768F-0F3F-44E8-9089-91EFA3897866}.Release|x86.Build.0 = Release|Any CPU
		{FC6A1894-013C-46CF-B55C-9BCD1E8179CF}.Debug|Any CPU.ActiveCfg = Debug|Any CPU
		{FC6A1894-013C-46CF-B55C-9BCD1E8179CF}.Debug|Any CPU.Build.0 = Debug|Any CPU
		{FC6A1894-013C-46CF-B55C-9BCD1E8179CF}.Debug|x64.ActiveCfg = Debug|Any CPU
		{FC6A1894-013C-46CF-B55C-9BCD1E8179CF}.Debug|x64.Build.0 = Debug|Any CPU
		{FC6A1894-013C-46CF-B55C-9BCD1E8179CF}.Debug|x86.ActiveCfg = Debug|Any CPU
		{FC6A1894-013C-46CF-B55C-9BCD1E8179CF}.Debug|x86.Build.0 = Debug|Any CPU
		{FC6A1894-013C-46CF-B55C-9BCD1E8179CF}.Release|Any CPU.ActiveCfg = Release|Any CPU
		{FC6A1894-013C-46CF-B55C-9BCD1E8179CF}.Release|Any CPU.Build.0 = Release|Any CPU
		{FC6A1894-013C-46CF-B55C-9BCD1E8179CF}.Release|x64.ActiveCfg = Release|Any CPU
		{FC6A1894-013C-46CF-B55C-9BCD1E8179CF}.Release|x64.Build.0 = Release|Any CPU
		{FC6A1894-013C-46CF-B55C-9BCD1E8179CF}.Release|x86.ActiveCfg = Release|Any CPU
		{FC6A1894-013C-46CF-B55C-9BCD1E8179CF}.Release|x86.Build.0 = Release|Any CPU
		{80D109E5-00F4-4EFC-9D3E-6C7945532BDB}.Debug|Any CPU.ActiveCfg = Debug|Any CPU
		{80D109E5-00F4-4EFC-9D3E-6C7945532BDB}.Debug|Any CPU.Build.0 = Debug|Any CPU
		{80D109E5-00F4-4EFC-9D3E-6C7945532BDB}.Debug|x64.ActiveCfg = Debug|Any CPU
		{80D109E5-00F4-4EFC-9D3E-6C7945532BDB}.Debug|x64.Build.0 = Debug|Any CPU
		{80D109E5-00F4-4EFC-9D3E-6C7945532BDB}.Debug|x86.ActiveCfg = Debug|Any CPU
		{80D109E5-00F4-4EFC-9D3E-6C7945532BDB}.Debug|x86.Build.0 = Debug|Any CPU
		{80D109E5-00F4-4EFC-9D3E-6C7945532BDB}.Release|Any CPU.ActiveCfg = Release|Any CPU
		{80D109E5-00F4-4EFC-9D3E-6C7945532BDB}.Release|Any CPU.Build.0 = Release|Any CPU
		{80D109E5-00F4-4EFC-9D3E-6C7945532BDB}.Release|x64.ActiveCfg = Release|Any CPU
		{80D109E5-00F4-4EFC-9D3E-6C7945532BDB}.Release|x64.Build.0 = Release|Any CPU
		{80D109E5-00F4-4EFC-9D3E-6C7945532BDB}.Release|x86.ActiveCfg = Release|Any CPU
		{80D109E5-00F4-4EFC-9D3E-6C7945532BDB}.Release|x86.Build.0 = Release|Any CPU
		{AAF20AC9-7176-4B59-BCBB-9996C9825F25}.Debug|Any CPU.ActiveCfg = Debug|Any CPU
		{AAF20AC9-7176-4B59-BCBB-9996C9825F25}.Debug|Any CPU.Build.0 = Debug|Any CPU
		{AAF20AC9-7176-4B59-BCBB-9996C9825F25}.Debug|x64.ActiveCfg = Debug|Any CPU
		{AAF20AC9-7176-4B59-BCBB-9996C9825F25}.Debug|x64.Build.0 = Debug|Any CPU
		{AAF20AC9-7176-4B59-BCBB-9996C9825F25}.Debug|x86.ActiveCfg = Debug|Any CPU
		{AAF20AC9-7176-4B59-BCBB-9996C9825F25}.Debug|x86.Build.0 = Debug|Any CPU
		{AAF20AC9-7176-4B59-BCBB-9996C9825F25}.Release|Any CPU.ActiveCfg = Release|Any CPU
		{AAF20AC9-7176-4B59-BCBB-9996C9825F25}.Release|Any CPU.Build.0 = Release|Any CPU
		{AAF20AC9-7176-4B59-BCBB-9996C9825F25}.Release|x64.ActiveCfg = Release|Any CPU
		{AAF20AC9-7176-4B59-BCBB-9996C9825F25}.Release|x64.Build.0 = Release|Any CPU
		{AAF20AC9-7176-4B59-BCBB-9996C9825F25}.Release|x86.ActiveCfg = Release|Any CPU
		{AAF20AC9-7176-4B59-BCBB-9996C9825F25}.Release|x86.Build.0 = Release|Any CPU
		{A26F528E-D98E-43A9-8E51-D33C1D3880B3}.Debug|Any CPU.ActiveCfg = Debug|Any CPU
		{A26F528E-D98E-43A9-8E51-D33C1D3880B3}.Debug|Any CPU.Build.0 = Debug|Any CPU
		{A26F528E-D98E-43A9-8E51-D33C1D3880B3}.Debug|x64.ActiveCfg = Debug|Any CPU
		{A26F528E-D98E-43A9-8E51-D33C1D3880B3}.Debug|x64.Build.0 = Debug|Any CPU
		{A26F528E-D98E-43A9-8E51-D33C1D3880B3}.Debug|x86.ActiveCfg = Debug|Any CPU
		{A26F528E-D98E-43A9-8E51-D33C1D3880B3}.Debug|x86.Build.0 = Debug|Any CPU
		{A26F528E-D98E-43A9-8E51-D33C1D3880B3}.Release|Any CPU.ActiveCfg = Release|Any CPU
		{A26F528E-D98E-43A9-8E51-D33C1D3880B3}.Release|Any CPU.Build.0 = Release|Any CPU
		{A26F528E-D98E-43A9-8E51-D33C1D3880B3}.Release|x64.ActiveCfg = Release|Any CPU
		{A26F528E-D98E-43A9-8E51-D33C1D3880B3}.Release|x64.Build.0 = Release|Any CPU
		{A26F528E-D98E-43A9-8E51-D33C1D3880B3}.Release|x86.ActiveCfg = Release|Any CPU
		{A26F528E-D98E-43A9-8E51-D33C1D3880B3}.Release|x86.Build.0 = Release|Any CPU
		{36A925F1-62E9-4557-B6EE-FAB4387A970E}.Debug|Any CPU.ActiveCfg = Debug|Any CPU
		{36A925F1-62E9-4557-B6EE-FAB4387A970E}.Debug|Any CPU.Build.0 = Debug|Any CPU
		{36A925F1-62E9-4557-B6EE-FAB4387A970E}.Debug|x64.ActiveCfg = Debug|Any CPU
		{36A925F1-62E9-4557-B6EE-FAB4387A970E}.Debug|x64.Build.0 = Debug|Any CPU
		{36A925F1-62E9-4557-B6EE-FAB4387A970E}.Debug|x86.ActiveCfg = Debug|Any CPU
		{36A925F1-62E9-4557-B6EE-FAB4387A970E}.Debug|x86.Build.0 = Debug|Any CPU
		{36A925F1-62E9-4557-B6EE-FAB4387A970E}.Release|Any CPU.ActiveCfg = Release|Any CPU
		{36A925F1-62E9-4557-B6EE-FAB4387A970E}.Release|Any CPU.Build.0 = Release|Any CPU
		{36A925F1-62E9-4557-B6EE-FAB4387A970E}.Release|x64.ActiveCfg = Release|Any CPU
		{36A925F1-62E9-4557-B6EE-FAB4387A970E}.Release|x64.Build.0 = Release|Any CPU
		{36A925F1-62E9-4557-B6EE-FAB4387A970E}.Release|x86.ActiveCfg = Release|Any CPU
		{36A925F1-62E9-4557-B6EE-FAB4387A970E}.Release|x86.Build.0 = Release|Any CPU
		{A15C87BF-4BD1-4FD9-A406-677A2953E052}.Debug|Any CPU.ActiveCfg = Debug|Any CPU
		{A15C87BF-4BD1-4FD9-A406-677A2953E052}.Debug|Any CPU.Build.0 = Debug|Any CPU
		{A15C87BF-4BD1-4FD9-A406-677A2953E052}.Debug|x64.ActiveCfg = Debug|Any CPU
		{A15C87BF-4BD1-4FD9-A406-677A2953E052}.Debug|x64.Build.0 = Debug|Any CPU
		{A15C87BF-4BD1-4FD9-A406-677A2953E052}.Debug|x86.ActiveCfg = Debug|Any CPU
		{A15C87BF-4BD1-4FD9-A406-677A2953E052}.Debug|x86.Build.0 = Debug|Any CPU
		{A15C87BF-4BD1-4FD9-A406-677A2953E052}.Release|Any CPU.ActiveCfg = Release|Any CPU
		{A15C87BF-4BD1-4FD9-A406-677A2953E052}.Release|Any CPU.Build.0 = Release|Any CPU
		{A15C87BF-4BD1-4FD9-A406-677A2953E052}.Release|x64.ActiveCfg = Release|Any CPU
		{A15C87BF-4BD1-4FD9-A406-677A2953E052}.Release|x64.Build.0 = Release|Any CPU
		{A15C87BF-4BD1-4FD9-A406-677A2953E052}.Release|x86.ActiveCfg = Release|Any CPU
		{A15C87BF-4BD1-4FD9-A406-677A2953E052}.Release|x86.Build.0 = Release|Any CPU
		{9B9512A9-DAE3-47EF-ABF8-DC823EF213ED}.Debug|Any CPU.ActiveCfg = Debug|Any CPU
		{9B9512A9-DAE3-47EF-ABF8-DC823EF213ED}.Debug|Any CPU.Build.0 = Debug|Any CPU
		{9B9512A9-DAE3-47EF-ABF8-DC823EF213ED}.Debug|x64.ActiveCfg = Debug|Any CPU
		{9B9512A9-DAE3-47EF-ABF8-DC823EF213ED}.Debug|x64.Build.0 = Debug|Any CPU
		{9B9512A9-DAE3-47EF-ABF8-DC823EF213ED}.Debug|x86.ActiveCfg = Debug|Any CPU
		{9B9512A9-DAE3-47EF-ABF8-DC823EF213ED}.Debug|x86.Build.0 = Debug|Any CPU
		{9B9512A9-DAE3-47EF-ABF8-DC823EF213ED}.Release|Any CPU.ActiveCfg = Release|Any CPU
		{9B9512A9-DAE3-47EF-ABF8-DC823EF213ED}.Release|Any CPU.Build.0 = Release|Any CPU
		{9B9512A9-DAE3-47EF-ABF8-DC823EF213ED}.Release|x64.ActiveCfg = Release|Any CPU
		{9B9512A9-DAE3-47EF-ABF8-DC823EF213ED}.Release|x64.Build.0 = Release|Any CPU
		{9B9512A9-DAE3-47EF-ABF8-DC823EF213ED}.Release|x86.ActiveCfg = Release|Any CPU
		{9B9512A9-DAE3-47EF-ABF8-DC823EF213ED}.Release|x86.Build.0 = Release|Any CPU
		{98AB2E46-19B8-4D2A-8283-903680A48453}.Debug|Any CPU.ActiveCfg = Debug|Any CPU
		{98AB2E46-19B8-4D2A-8283-903680A48453}.Debug|Any CPU.Build.0 = Debug|Any CPU
		{98AB2E46-19B8-4D2A-8283-903680A48453}.Debug|x64.ActiveCfg = Debug|Any CPU
		{98AB2E46-19B8-4D2A-8283-903680A48453}.Debug|x64.Build.0 = Debug|Any CPU
		{98AB2E46-19B8-4D2A-8283-903680A48453}.Debug|x86.ActiveCfg = Debug|Any CPU
		{98AB2E46-19B8-4D2A-8283-903680A48453}.Debug|x86.Build.0 = Debug|Any CPU
		{98AB2E46-19B8-4D2A-8283-903680A48453}.Release|Any CPU.ActiveCfg = Release|Any CPU
		{98AB2E46-19B8-4D2A-8283-903680A48453}.Release|Any CPU.Build.0 = Release|Any CPU
		{98AB2E46-19B8-4D2A-8283-903680A48453}.Release|x64.ActiveCfg = Release|Any CPU
		{98AB2E46-19B8-4D2A-8283-903680A48453}.Release|x64.Build.0 = Release|Any CPU
		{98AB2E46-19B8-4D2A-8283-903680A48453}.Release|x86.ActiveCfg = Release|Any CPU
		{98AB2E46-19B8-4D2A-8283-903680A48453}.Release|x86.Build.0 = Release|Any CPU
		{77049A1B-6586-460B-85D0-1E5AD6FEE9A3}.Debug|Any CPU.ActiveCfg = Debug|Any CPU
		{77049A1B-6586-460B-85D0-1E5AD6FEE9A3}.Debug|Any CPU.Build.0 = Debug|Any CPU
		{77049A1B-6586-460B-85D0-1E5AD6FEE9A3}.Debug|x64.ActiveCfg = Debug|Any CPU
		{77049A1B-6586-460B-85D0-1E5AD6FEE9A3}.Debug|x64.Build.0 = Debug|Any CPU
		{77049A1B-6586-460B-85D0-1E5AD6FEE9A3}.Debug|x86.ActiveCfg = Debug|Any CPU
		{77049A1B-6586-460B-85D0-1E5AD6FEE9A3}.Debug|x86.Build.0 = Debug|Any CPU
		{77049A1B-6586-460B-85D0-1E5AD6FEE9A3}.Release|Any CPU.ActiveCfg = Release|Any CPU
		{77049A1B-6586-460B-85D0-1E5AD6FEE9A3}.Release|Any CPU.Build.0 = Release|Any CPU
		{77049A1B-6586-460B-85D0-1E5AD6FEE9A3}.Release|x64.ActiveCfg = Release|Any CPU
		{77049A1B-6586-460B-85D0-1E5AD6FEE9A3}.Release|x64.Build.0 = Release|Any CPU
		{77049A1B-6586-460B-85D0-1E5AD6FEE9A3}.Release|x86.ActiveCfg = Release|Any CPU
		{77049A1B-6586-460B-85D0-1E5AD6FEE9A3}.Release|x86.Build.0 = Release|Any CPU
		{50292877-E6F9-4403-946A-29CBBD54D48D}.Debug|Any CPU.ActiveCfg = Debug|Any CPU
		{50292877-E6F9-4403-946A-29CBBD54D48D}.Debug|Any CPU.Build.0 = Debug|Any CPU
		{50292877-E6F9-4403-946A-29CBBD54D48D}.Debug|x64.ActiveCfg = Debug|Any CPU
		{50292877-E6F9-4403-946A-29CBBD54D48D}.Debug|x64.Build.0 = Debug|Any CPU
		{50292877-E6F9-4403-946A-29CBBD54D48D}.Debug|x86.ActiveCfg = Debug|Any CPU
		{50292877-E6F9-4403-946A-29CBBD54D48D}.Debug|x86.Build.0 = Debug|Any CPU
		{50292877-E6F9-4403-946A-29CBBD54D48D}.Release|Any CPU.ActiveCfg = Release|Any CPU
		{50292877-E6F9-4403-946A-29CBBD54D48D}.Release|Any CPU.Build.0 = Release|Any CPU
		{50292877-E6F9-4403-946A-29CBBD54D48D}.Release|x64.ActiveCfg = Release|Any CPU
		{50292877-E6F9-4403-946A-29CBBD54D48D}.Release|x64.Build.0 = Release|Any CPU
		{50292877-E6F9-4403-946A-29CBBD54D48D}.Release|x86.ActiveCfg = Release|Any CPU
		{50292877-E6F9-4403-946A-29CBBD54D48D}.Release|x86.Build.0 = Release|Any CPU
		{5B7C8720-5122-4059-90CC-39C327E44917}.Debug|Any CPU.ActiveCfg = Debug|Any CPU
		{5B7C8720-5122-4059-90CC-39C327E44917}.Debug|Any CPU.Build.0 = Debug|Any CPU
		{5B7C8720-5122-4059-90CC-39C327E44917}.Debug|x64.ActiveCfg = Debug|Any CPU
		{5B7C8720-5122-4059-90CC-39C327E44917}.Debug|x64.Build.0 = Debug|Any CPU
		{5B7C8720-5122-4059-90CC-39C327E44917}.Debug|x86.ActiveCfg = Debug|Any CPU
		{5B7C8720-5122-4059-90CC-39C327E44917}.Debug|x86.Build.0 = Debug|Any CPU
		{5B7C8720-5122-4059-90CC-39C327E44917}.Release|Any CPU.ActiveCfg = Release|Any CPU
		{5B7C8720-5122-4059-90CC-39C327E44917}.Release|Any CPU.Build.0 = Release|Any CPU
		{5B7C8720-5122-4059-90CC-39C327E44917}.Release|x64.ActiveCfg = Release|Any CPU
		{5B7C8720-5122-4059-90CC-39C327E44917}.Release|x64.Build.0 = Release|Any CPU
		{5B7C8720-5122-4059-90CC-39C327E44917}.Release|x86.ActiveCfg = Release|Any CPU
		{5B7C8720-5122-4059-90CC-39C327E44917}.Release|x86.Build.0 = Release|Any CPU
		{5E7C3F70-93A5-4C2B-9B32-B43AA590C8CF}.Debug|Any CPU.ActiveCfg = Debug|Any CPU
		{5E7C3F70-93A5-4C2B-9B32-B43AA590C8CF}.Debug|Any CPU.Build.0 = Debug|Any CPU
		{5E7C3F70-93A5-4C2B-9B32-B43AA590C8CF}.Debug|x64.ActiveCfg = Debug|Any CPU
		{5E7C3F70-93A5-4C2B-9B32-B43AA590C8CF}.Debug|x64.Build.0 = Debug|Any CPU
		{5E7C3F70-93A5-4C2B-9B32-B43AA590C8CF}.Debug|x86.ActiveCfg = Debug|Any CPU
		{5E7C3F70-93A5-4C2B-9B32-B43AA590C8CF}.Debug|x86.Build.0 = Debug|Any CPU
		{5E7C3F70-93A5-4C2B-9B32-B43AA590C8CF}.Release|Any CPU.ActiveCfg = Release|Any CPU
		{5E7C3F70-93A5-4C2B-9B32-B43AA590C8CF}.Release|Any CPU.Build.0 = Release|Any CPU
		{5E7C3F70-93A5-4C2B-9B32-B43AA590C8CF}.Release|x64.ActiveCfg = Release|Any CPU
		{5E7C3F70-93A5-4C2B-9B32-B43AA590C8CF}.Release|x64.Build.0 = Release|Any CPU
		{5E7C3F70-93A5-4C2B-9B32-B43AA590C8CF}.Release|x86.ActiveCfg = Release|Any CPU
		{5E7C3F70-93A5-4C2B-9B32-B43AA590C8CF}.Release|x86.Build.0 = Release|Any CPU
		{DE4067DD-DD69-4ECE-BFBD-2E28B311F197}.Debug|Any CPU.ActiveCfg = Debug|Any CPU
		{DE4067DD-DD69-4ECE-BFBD-2E28B311F197}.Debug|Any CPU.Build.0 = Debug|Any CPU
		{DE4067DD-DD69-4ECE-BFBD-2E28B311F197}.Debug|x64.ActiveCfg = Debug|Any CPU
		{DE4067DD-DD69-4ECE-BFBD-2E28B311F197}.Debug|x64.Build.0 = Debug|Any CPU
		{DE4067DD-DD69-4ECE-BFBD-2E28B311F197}.Debug|x86.ActiveCfg = Debug|Any CPU
		{DE4067DD-DD69-4ECE-BFBD-2E28B311F197}.Debug|x86.Build.0 = Debug|Any CPU
		{DE4067DD-DD69-4ECE-BFBD-2E28B311F197}.Release|Any CPU.ActiveCfg = Release|Any CPU
		{DE4067DD-DD69-4ECE-BFBD-2E28B311F197}.Release|Any CPU.Build.0 = Release|Any CPU
		{DE4067DD-DD69-4ECE-BFBD-2E28B311F197}.Release|x64.ActiveCfg = Release|Any CPU
		{DE4067DD-DD69-4ECE-BFBD-2E28B311F197}.Release|x64.Build.0 = Release|Any CPU
		{DE4067DD-DD69-4ECE-BFBD-2E28B311F197}.Release|x86.ActiveCfg = Release|Any CPU
		{DE4067DD-DD69-4ECE-BFBD-2E28B311F197}.Release|x86.Build.0 = Release|Any CPU
		{2053E64C-1F9A-4BA5-8704-1AAB93864953}.Debug|Any CPU.ActiveCfg = Debug|Any CPU
		{2053E64C-1F9A-4BA5-8704-1AAB93864953}.Debug|Any CPU.Build.0 = Debug|Any CPU
		{2053E64C-1F9A-4BA5-8704-1AAB93864953}.Debug|x64.ActiveCfg = Debug|Any CPU
		{2053E64C-1F9A-4BA5-8704-1AAB93864953}.Debug|x64.Build.0 = Debug|Any CPU
		{2053E64C-1F9A-4BA5-8704-1AAB93864953}.Debug|x86.ActiveCfg = Debug|Any CPU
		{2053E64C-1F9A-4BA5-8704-1AAB93864953}.Debug|x86.Build.0 = Debug|Any CPU
		{2053E64C-1F9A-4BA5-8704-1AAB93864953}.Release|Any CPU.ActiveCfg = Release|Any CPU
		{2053E64C-1F9A-4BA5-8704-1AAB93864953}.Release|Any CPU.Build.0 = Release|Any CPU
		{2053E64C-1F9A-4BA5-8704-1AAB93864953}.Release|x64.ActiveCfg = Release|Any CPU
		{2053E64C-1F9A-4BA5-8704-1AAB93864953}.Release|x64.Build.0 = Release|Any CPU
		{2053E64C-1F9A-4BA5-8704-1AAB93864953}.Release|x86.ActiveCfg = Release|Any CPU
		{2053E64C-1F9A-4BA5-8704-1AAB93864953}.Release|x86.Build.0 = Release|Any CPU
		{71245EE7-8F90-4F52-8720-99380D3F8D36}.Debug|Any CPU.ActiveCfg = Debug|Any CPU
		{71245EE7-8F90-4F52-8720-99380D3F8D36}.Debug|Any CPU.Build.0 = Debug|Any CPU
		{71245EE7-8F90-4F52-8720-99380D3F8D36}.Debug|x64.ActiveCfg = Debug|Any CPU
		{71245EE7-8F90-4F52-8720-99380D3F8D36}.Debug|x64.Build.0 = Debug|Any CPU
		{71245EE7-8F90-4F52-8720-99380D3F8D36}.Debug|x86.ActiveCfg = Debug|Any CPU
		{71245EE7-8F90-4F52-8720-99380D3F8D36}.Debug|x86.Build.0 = Debug|Any CPU
		{71245EE7-8F90-4F52-8720-99380D3F8D36}.Release|Any CPU.ActiveCfg = Release|Any CPU
		{71245EE7-8F90-4F52-8720-99380D3F8D36}.Release|Any CPU.Build.0 = Release|Any CPU
		{71245EE7-8F90-4F52-8720-99380D3F8D36}.Release|x64.ActiveCfg = Release|Any CPU
		{71245EE7-8F90-4F52-8720-99380D3F8D36}.Release|x64.Build.0 = Release|Any CPU
		{71245EE7-8F90-4F52-8720-99380D3F8D36}.Release|x86.ActiveCfg = Release|Any CPU
		{71245EE7-8F90-4F52-8720-99380D3F8D36}.Release|x86.Build.0 = Release|Any CPU
	EndGlobalSection
	GlobalSection(SolutionProperties) = preSolution
		HideSolutionNode = FALSE
	EndGlobalSection
	GlobalSection(NestedProjects) = preSolution
		{7CDD1FD8-23F1-9D06-EC0A-9BC25C8E6A7B} = {26DBFC19-437C-4F90-1A5A-542F2D728CEE}
		{12C7BB97-030E-4A87-B3BF-87944F7A6700} = {7CDD1FD8-23F1-9D06-EC0A-9BC25C8E6A7B}
		{97D8945E-59FA-0188-FC69-6B16FBD6DC40} = {26DBFC19-437C-4F90-1A5A-542F2D728CEE}
		{878CA5ED-7814-4C94-B2BE-5C6422044E4D} = {97D8945E-59FA-0188-FC69-6B16FBD6DC40}
		{FE3992F4-CC36-C0D1-5274-12530496DB1F} = {26DBFC19-437C-4F90-1A5A-542F2D728CEE}
		{FBAD664A-6AFA-4B10-9000-AAC631484493} = {FE3992F4-CC36-C0D1-5274-12530496DB1F}
		{F53EE8E5-FCB2-274F-0460-A463C4E6B05E} = {26DBFC19-437C-4F90-1A5A-542F2D728CEE}
		{B62F608E-EC0F-438F-81C3-134187E4A135} = {F53EE8E5-FCB2-274F-0460-A463C4E6B05E}
		{5ACE1E23-56CB-85AE-16B9-554EA5BF7433} = {26DBFC19-437C-4F90-1A5A-542F2D728CEE}
		{ABEF9E6F-3A8C-4732-859D-F29147B8CE40} = {5ACE1E23-56CB-85AE-16B9-554EA5BF7433}
		{596AD531-0331-6D51-F1EA-EE7225ABB4F2} = {56A9F078-40C9-3DDD-7DA3-B5A4BF238A7F}
		{75C4FD2B-0D48-4695-9361-B61319982FD0} = {596AD531-0331-6D51-F1EA-EE7225ABB4F2}
		{461242BF-A5DA-9E66-FB2B-44259C4D2634} = {56A9F078-40C9-3DDD-7DA3-B5A4BF238A7F}
		{221E4F5E-4654-459D-BA7A-B10A7927FD48} = {461242BF-A5DA-9E66-FB2B-44259C4D2634}
		{90DFF9D6-6064-F8FE-940D-2B723E32BEE9} = {56A9F078-40C9-3DDD-7DA3-B5A4BF238A7F}
		{1880C5A4-A277-4931-B930-B230BEE0A319} = {90DFF9D6-6064-F8FE-940D-2B723E32BEE9}
		{E9F6E946-CAB0-4393-83A6-2CC00E601546} = {56A9F078-40C9-3DDD-7DA3-B5A4BF238A7F}
		{4E787229-C395-4BDA-95EF-E7B318FC6099} = {E9F6E946-CAB0-4393-83A6-2CC00E601546}
		{54F7DA6F-EA37-D2F8-7D31-0E22057C65BE} = {AAFBD153-24CA-142F-8D87-E9EA6ABB24FE}
		{45DA3A5A-62E7-42AA-843E-CA02FE6C47F3} = {54F7DA6F-EA37-D2F8-7D31-0E22057C65BE}
		{234D4270-9C81-DE9C-F77D-6160D21C44F7} = {AAFBD153-24CA-142F-8D87-E9EA6ABB24FE}
		{52E0D120-BC71-4900-B072-83E9ADC13545} = {234D4270-9C81-DE9C-F77D-6160D21C44F7}
		{8BFCA0EC-EE64-40DD-E87D-5C4BD1B6D5A5} = {AAFBD153-24CA-142F-8D87-E9EA6ABB24FE}
		{124ECA54-F144-4E8E-B050-BF0CD0E16D48} = {8BFCA0EC-EE64-40DD-E87D-5C4BD1B6D5A5}
		{01D9B97D-CE9F-266B-AAEE-09EC9CE4E5EF} = {AAFBD153-24CA-142F-8D87-E9EA6ABB24FE}
		{E06BDBF0-DF56-4D7D-9C19-13579267D08B} = {01D9B97D-CE9F-266B-AAEE-09EC9CE4E5EF}
		{799A901C-9ECE-8C03-A72F-5A5577316D58} = {4AA6742E-A330-F0B4-D3B3-011E2B07EA2A}
		{AE6F768F-0F3F-44E8-9089-91EFA3897866} = {799A901C-9ECE-8C03-A72F-5A5577316D58}
		{0F9895A7-AC2C-1591-2367-469FAF16DEBC} = {4AA6742E-A330-F0B4-D3B3-011E2B07EA2A}
		{FC6A1894-013C-46CF-B55C-9BCD1E8179CF} = {0F9895A7-AC2C-1591-2367-469FAF16DEBC}
		{C0E0F0B8-281B-85BD-5D05-D5909DB28234} = {4AA6742E-A330-F0B4-D3B3-011E2B07EA2A}
		{80D109E5-00F4-4EFC-9D3E-6C7945532BDB} = {C0E0F0B8-281B-85BD-5D05-D5909DB28234}
		{5738CA36-B225-0DA7-EAB5-CD35A038CFE5} = {4AA6742E-A330-F0B4-D3B3-011E2B07EA2A}
		{AAF20AC9-7176-4B59-BCBB-9996C9825F25} = {5738CA36-B225-0DA7-EAB5-CD35A038CFE5}
		{43E3AA64-490E-99A8-8E54-32E3A3A48921} = {4AA6742E-A330-F0B4-D3B3-011E2B07EA2A}
		{A26F528E-D98E-43A9-8E51-D33C1D3880B3} = {43E3AA64-490E-99A8-8E54-32E3A3A48921}
		{6CB770A1-D217-CF4C-3F8E-F9C495E5E553} = {56A9F078-40C9-3DDD-7DA3-B5A4BF238A7F}
		{36A925F1-62E9-4557-B6EE-FAB4387A970E} = {6CB770A1-D217-CF4C-3F8E-F9C495E5E553}
		{AF8AD1C8-D108-BEC5-AEE0-BB2E6F166275} = {AAFBD153-24CA-142F-8D87-E9EA6ABB24FE}
		{A15C87BF-4BD1-4FD9-A406-677A2953E052} = {AF8AD1C8-D108-BEC5-AEE0-BB2E6F166275}
		{61FBA38E-274A-9C75-44F1-1A16D7FA1A43} = {AAFBD153-24CA-142F-8D87-E9EA6ABB24FE}
		{9B9512A9-DAE3-47EF-ABF8-DC823EF213ED} = {61FBA38E-274A-9C75-44F1-1A16D7FA1A43}
		{8607E845-AA7C-7B9B-C266-8246AA3621E1} = {AAFBD153-24CA-142F-8D87-E9EA6ABB24FE}
		{98AB2E46-19B8-4D2A-8283-903680A48453} = {8607E845-AA7C-7B9B-C266-8246AA3621E1}
		{E78E5966-CECB-A9A7-67DC-CE51413F2AE3} = {26DBFC19-437C-4F90-1A5A-542F2D728CEE}
		{77049A1B-6586-460B-85D0-1E5AD6FEE9A3} = {E78E5966-CECB-A9A7-67DC-CE51413F2AE3}
		{153B590F-F5DC-B45C-3D4A-2B1FA8A0AE67} = {26DBFC19-437C-4F90-1A5A-542F2D728CEE}
		{50292877-E6F9-4403-946A-29CBBD54D48D} = {153B590F-F5DC-B45C-3D4A-2B1FA8A0AE67}
		{3EE80B10-1859-2554-168E-C769536AECC8} = {26DBFC19-437C-4F90-1A5A-542F2D728CEE}
		{5B7C8720-5122-4059-90CC-39C327E44917} = {3EE80B10-1859-2554-168E-C769536AECC8}
		{C25D38C1-34DF-4383-4831-FC04CF7F409E} = {26DBFC19-437C-4F90-1A5A-542F2D728CEE}
		{5E7C3F70-93A5-4C2B-9B32-B43AA590C8CF} = {C25D38C1-34DF-4383-4831-FC04CF7F409E}
		{9D937873-6CE6-7BC9-A64B-A1419C8415E6} = {26DBFC19-437C-4F90-1A5A-542F2D728CEE}
		{DE4067DD-DD69-4ECE-BFBD-2E28B311F197} = {9D937873-6CE6-7BC9-A64B-A1419C8415E6}
		{DFDAB432-7130-2039-E45F-EAB82F5C4631} = {26DBFC19-437C-4F90-1A5A-542F2D728CEE}
		{2053E64C-1F9A-4BA5-8704-1AAB93864953} = {DFDAB432-7130-2039-E45F-EAB82F5C4631}
		{EFA31FE0-B10F-AE96-072C-D25F8173B2F5} = {26DBFC19-437C-4F90-1A5A-542F2D728CEE}
		{71245EE7-8F90-4F52-8720-99380D3F8D36} = {EFA31FE0-B10F-AE96-072C-D25F8173B2F5}
	EndGlobalSection
EndGlobal
